
Microsoft Visual Studio Solution File, Format Version 12.00
# Visual Studio 2015
Project("{FAE04EC0-301F-11D3-BF4B-00C04F79EFBC}") = "CA.CSharp.Plugins", "CA.CSharp.Plugins.csproj", "{02E63771-3C7B-B9DE-CF30-787DADA21757}"
EndProject
Project("{FAE04EC0-301F-11D3-BF4B-00C04F79EFBC}") = "CA.CSharp", "CA.CSharp.csproj", "{AF3F944E-5565-8D30-A06E-D4BC7CD41AE4}"
EndProject
Project("{FAE04EC0-301F-11D3-BF4B-00C04F79EFBC}") = "CA.CSharp.Editor.Plugins", "CA.CSharp.Editor.Plugins.csproj", "{AC07979B-6914-78DE-EC47-2DBD87D95846}"
EndProject
Project("{FAE04EC0-301F-11D3-BF4B-00C04F79EFBC}") = "CA.CSharp.Editor", "CA.CSharp.Editor.csproj", "{7812CBCD-8558-9395-422A-DA2BB23210C5}"
EndProject
Global
	GlobalSection(SolutionConfigurationPlatforms) = preSolution
		Debug|Any CPU = Debug|Any CPU
		Release|Any CPU = Release|Any CPU
	EndGlobalSection
	GlobalSection(ProjectConfigurationPlatforms) = postSolution
		{02E63771-3C7B-B9DE-CF30-787DADA21757}.Debug|Any CPU.ActiveCfg = Debug|Any CPU
		{02E63771-3C7B-B9DE-CF30-787DADA21757}.Debug|Any CPU.Build.0 = Debug|Any CPU
		{02E63771-3C7B-B9DE-CF30-787DADA21757}.Release|Any CPU.ActiveCfg = Release|Any CPU
		{02E63771-3C7B-B9DE-CF30-787DADA21757}.Release|Any CPU.Build.0 = Release|Any CPU
		{AF3F944E-5565-8D30-A06E-D4BC7CD41AE4}.Debug|Any CPU.ActiveCfg = Debug|Any CPU
		{AF3F944E-5565-8D30-A06E-D4BC7CD41AE4}.Debug|Any CPU.Build.0 = Debug|Any CPU
		{AF3F944E-5565-8D30-A06E-D4BC7CD41AE4}.Release|Any CPU.ActiveCfg = Release|Any CPU
		{AF3F944E-5565-8D30-A06E-D4BC7CD41AE4}.Release|Any CPU.Build.0 = Release|Any CPU
		{AC07979B-6914-78DE-EC47-2DBD87D95846}.Debug|Any CPU.ActiveCfg = Debug|Any CPU
		{AC07979B-6914-78DE-EC47-2DBD87D95846}.Debug|Any CPU.Build.0 = Debug|Any CPU
		{AC07979B-6914-78DE-EC47-2DBD87D95846}.Release|Any CPU.ActiveCfg = Release|Any CPU
		{AC07979B-6914-78DE-EC47-2DBD87D95846}.Release|Any CPU.Build.0 = Release|Any CPU
		{7812CBCD-8558-9395-422A-DA2BB23210C5}.Debug|Any CPU.ActiveCfg = Debug|Any CPU
		{7812CBCD-8558-9395-422A-DA2BB23210C5}.Debug|Any CPU.Build.0 = Debug|Any CPU
		{7812CBCD-8558-9395-422A-DA2BB23210C5}.Release|Any CPU.ActiveCfg = Release|Any CPU
		{7812CBCD-8558-9395-422A-DA2BB23210C5}.Release|Any CPU.Build.0 = Release|Any CPU
	EndGlobalSection
	GlobalSection(SolutionProperties) = preSolution
		HideSolutionNode = FALSE
	EndGlobalSection
EndGlobal
