
Microsoft Visual Studio Solution File, Format Version 12.00
# Visual Studio 2017
Project("{FAE04EC0-301F-11D3-BF4B-00C04F79EFBC}") = "CA.Plugins", "CA.Plugins.csproj", "{7C3CDB17-8C2E-87ED-2AD9-92804C817577}"
EndProject
Project("{FAE04EC0-301F-11D3-BF4B-00C04F79EFBC}") = "CA", "CA.csproj", "{34A1053D-6416-63CC-C425-3710EB4EDDD8}"
EndProject
Project("{FAE04EC0-301F-11D3-BF4B-00C04F79EFBC}") = "CA.Editor.Plugins", "CA.Editor.Plugins.csproj", "{6EFE921C-EA57-F149-EC3B-727426E68750}"
EndProject
Project("{FAE04EC0-301F-11D3-BF4B-00C04F79EFBC}") = "CA.Editor", "CA.Editor.csproj", "{3E909E7D-8026-98F8-8B7E-1DF2602B0FCB}"
EndProject
Global
	GlobalSection(SolutionConfigurationPlatforms) = preSolution
		Debug|Any CPU = Debug|Any CPU
		Release|Any CPU = Release|Any CPU
	EndGlobalSection
	GlobalSection(ProjectConfigurationPlatforms) = postSolution
		{7C3CDB17-8C2E-87ED-2AD9-92804C817577}.Debug|Any CPU.ActiveCfg = Debug|Any CPU
		{7C3CDB17-8C2E-87ED-2AD9-92804C817577}.Debug|Any CPU.Build.0 = Debug|Any CPU
		{7C3CDB17-8C2E-87ED-2AD9-92804C817577}.Release|Any CPU.ActiveCfg = Release|Any CPU
		{7C3CDB17-8C2E-87ED-2AD9-92804C817577}.Release|Any CPU.Build.0 = Release|Any CPU
		{34A1053D-6416-63CC-C425-3710EB4EDDD8}.Debug|Any CPU.ActiveCfg = Debug|Any CPU
		{34A1053D-6416-63CC-C425-3710EB4EDDD8}.Debug|Any CPU.Build.0 = Debug|Any CPU
		{34A1053D-6416-63CC-C425-3710EB4EDDD8}.Release|Any CPU.ActiveCfg = Release|Any CPU
		{34A1053D-6416-63CC-C425-3710EB4EDDD8}.Release|Any CPU.Build.0 = Release|Any CPU
		{6EFE921C-EA57-F149-EC3B-727426E68750}.Debug|Any CPU.ActiveCfg = Debug|Any CPU
		{6EFE921C-EA57-F149-EC3B-727426E68750}.Debug|Any CPU.Build.0 = Debug|Any CPU
		{6EFE921C-EA57-F149-EC3B-727426E68750}.Release|Any CPU.ActiveCfg = Release|Any CPU
		{6EFE921C-EA57-F149-EC3B-727426E68750}.Release|Any CPU.Build.0 = Release|Any CPU
		{3E909E7D-8026-98F8-8B7E-1DF2602B0FCB}.Debug|Any CPU.ActiveCfg = Debug|Any CPU
		{3E909E7D-8026-98F8-8B7E-1DF2602B0FCB}.Debug|Any CPU.Build.0 = Debug|Any CPU
		{3E909E7D-8026-98F8-8B7E-1DF2602B0FCB}.Release|Any CPU.ActiveCfg = Release|Any CPU
		{3E909E7D-8026-98F8-8B7E-1DF2602B0FCB}.Release|Any CPU.Build.0 = Release|Any CPU
	EndGlobalSection
	GlobalSection(SolutionProperties) = preSolution
		HideSolutionNode = FALSE
	EndGlobalSection
EndGlobal
